
Microsoft Visual Studio Solution File, Format Version 12.00
# Visual Studio 15
VisualStudioVersion = 15.0.28307.168
MinimumVisualStudioVersion = 10.0.40219.1
Project("{FAE04EC0-301F-11D3-BF4B-00C04F79EFBC}") = "CreditoBancario.Domain", "CreditoBancario.Domain\CreditoBancario.Domain.csproj", "{F1881CDF-E98F-4C95-A532-1B7BFB331520}"
EndProject
Project("{FAE04EC0-301F-11D3-BF4B-00C04F79EFBC}") = "CreditoBancario.Presentation", "CreditoBancario.Presentation\CreditoBancario.Presentation.csproj", "{4D623ABF-9B6A-43BB-9BCD-1F4A4817A1BC}"
EndProject
Global
	GlobalSection(SolutionConfigurationPlatforms) = preSolution
		Debug|Any CPU = Debug|Any CPU
		Release|Any CPU = Release|Any CPU
	EndGlobalSection
	GlobalSection(ProjectConfigurationPlatforms) = postSolution
		{F1881CDF-E98F-4C95-A532-1B7BFB331520}.Debug|Any CPU.ActiveCfg = Debug|Any CPU
		{F1881CDF-E98F-4C95-A532-1B7BFB331520}.Debug|Any CPU.Build.0 = Debug|Any CPU
		{F1881CDF-E98F-4C95-A532-1B7BFB331520}.Release|Any CPU.ActiveCfg = Release|Any CPU
		{F1881CDF-E98F-4C95-A532-1B7BFB331520}.Release|Any CPU.Build.0 = Release|Any CPU
		{4D623ABF-9B6A-43BB-9BCD-1F4A4817A1BC}.Debug|Any CPU.ActiveCfg = Debug|Any CPU
		{4D623ABF-9B6A-43BB-9BCD-1F4A4817A1BC}.Debug|Any CPU.Build.0 = Debug|Any CPU
		{4D623ABF-9B6A-43BB-9BCD-1F4A4817A1BC}.Release|Any CPU.ActiveCfg = Release|Any CPU
		{4D623ABF-9B6A-43BB-9BCD-1F4A4817A1BC}.Release|Any CPU.Build.0 = Release|Any CPU
	EndGlobalSection
	GlobalSection(SolutionProperties) = preSolution
		HideSolutionNode = FALSE
	EndGlobalSection
	GlobalSection(ExtensibilityGlobals) = postSolution
		SolutionGuid = {242E0EDA-FBEB-45ED-A846-9D8C9AF6804A}
	EndGlobalSection
EndGlobal
